# THIS IS AN AUTOGENERATED FILE. DO NOT EDIT THIS FILE DIRECTLY.
# yarn lockfile v1


"@polymer/polymer@3.4.1":
  version "3.4.1"
  resolved "https://registry.yarnpkg.com/@polymer/polymer/-/polymer-3.4.1.tgz#333bef25711f8411bb5624fb3eba8212ef8bee96"
  integrity sha512-KPWnhDZibtqKrUz7enIPOiO4ZQoJNOuLwqrhV2MXzIt3VVnUVJVG5ORz4Z2sgO+UZ+/UZnPD0jqY+jmw/+a9mQ==
  dependencies:
    "@webcomponents/shadycss" "^1.9.1"

"@webcomponents/shadycss@^1.9.1":
  version "1.10.1"
  resolved "https://registry.yarnpkg.com/@webcomponents/shadycss/-/shadycss-1.10.1.tgz#6f377b313c96a93a690f25206b32a20eada4b2a9"
  integrity sha512-XEVDA7oH6o4Au9apyRDucjcIzvP44Ur4sqTMGRKCcE6sCAeKiOkRE03TCYNJAFkzckMWWT8Xx3IxG3iwjAcsRQ==

"@webcomponents/webcomponentsjs@2.8.0":
  version "2.8.0"
  resolved "https://registry.yarnpkg.com/@webcomponents/webcomponentsjs/-/webcomponentsjs-2.8.0.tgz#ab21f027594fa827c1889e8b646da7be27c7908a"
  integrity sha512-loGD63sacRzOzSJgQnB9ZAhaQGkN7wl2Zuw7tsphI5Isa0irijrRo6EnJii/GgjGefIFO8AIO7UivzRhFaEk9w==
